
Microsoft Visual Studio Solution File, Format Version 12.00
# Visual Studio Version 17
VisualStudioVersion = 17.0.32126.317
MinimumVisualStudioVersion = 10.0.40219.1
Project("{FAE04EC0-301F-11D3-BF4B-00C04F79EFBC}") = "tipoDeTriangulo", "tipoDeTriangulo\tipoDeTriangulo.csproj", "{3EFA2A40-324D-457B-B7E3-2BF6B7DA23BF}"
EndProject
Global
	GlobalSection(SolutionConfigurationPlatforms) = preSolution
		Debug|Any CPU = Debug|Any CPU
		Release|Any CPU = Release|Any CPU
	EndGlobalSection
	GlobalSection(ProjectConfigurationPlatforms) = postSolution
		{3EFA2A40-324D-457B-B7E3-2BF6B7DA23BF}.Debug|Any CPU.ActiveCfg = Debug|Any CPU
		{3EFA2A40-324D-457B-B7E3-2BF6B7DA23BF}.Debug|Any CPU.Build.0 = Debug|Any CPU
		{3EFA2A40-324D-457B-B7E3-2BF6B7DA23BF}.Release|Any CPU.ActiveCfg = Release|Any CPU
		{3EFA2A40-324D-457B-B7E3-2BF6B7DA23BF}.Release|Any CPU.Build.0 = Release|Any CPU
	EndGlobalSection
	GlobalSection(SolutionProperties) = preSolution
		HideSolutionNode = FALSE
	EndGlobalSection
	GlobalSection(ExtensibilityGlobals) = postSolution
		SolutionGuid = {08DB74F6-1E69-4349-AF41-6436568F8888}
	EndGlobalSection
EndGlobal
